
Microsoft Visual Studio Solution File, Format Version 12.00
# Visual Studio 15
VisualStudioVersion = 15.0.26124.0
MinimumVisualStudioVersion = 15.0.26124.0
Project("{9A19103F-16F7-4668-BE54-9A1E7A4F7556}") = "AspNetCoreWindowsAuthClaims", "AspNetCoreWindowsAuthClaims.csproj", "{5F11D912-DC84-4EE4-81E1-4D54CB73A2F3}"
EndProject
Global
	GlobalSection(SolutionConfigurationPlatforms) = preSolution
		Debug|Any CPU = Debug|Any CPU
		Debug|x64 = Debug|x64
		Debug|x86 = Debug|x86
		Release|Any CPU = Release|Any CPU
		Release|x64 = Release|x64
		Release|x86 = Release|x86
	EndGlobalSection
	GlobalSection(ProjectConfigurationPlatforms) = postSolution
		{5F11D912-DC84-4EE4-81E1-4D54CB73A2F3}.Debug|Any CPU.ActiveCfg = Debug|Any CPU
		{5F11D912-DC84-4EE4-81E1-4D54CB73A2F3}.Debug|Any CPU.Build.0 = Debug|Any CPU
		{5F11D912-DC84-4EE4-81E1-4D54CB73A2F3}.Debug|x64.ActiveCfg = Debug|Any CPU
		{5F11D912-DC84-4EE4-81E1-4D54CB73A2F3}.Debug|x64.Build.0 = Debug|Any CPU
		{5F11D912-DC84-4EE4-81E1-4D54CB73A2F3}.Debug|x86.ActiveCfg = Debug|Any CPU
		{5F11D912-DC84-4EE4-81E1-4D54CB73A2F3}.Debug|x86.Build.0 = Debug|Any CPU
		{5F11D912-DC84-4EE4-81E1-4D54CB73A2F3}.Release|Any CPU.ActiveCfg = Release|Any CPU
		{5F11D912-DC84-4EE4-81E1-4D54CB73A2F3}.Release|Any CPU.Build.0 = Release|Any CPU
		{5F11D912-DC84-4EE4-81E1-4D54CB73A2F3}.Release|x64.ActiveCfg = Release|Any CPU
		{5F11D912-DC84-4EE4-81E1-4D54CB73A2F3}.Release|x64.Build.0 = Release|Any CPU
		{5F11D912-DC84-4EE4-81E1-4D54CB73A2F3}.Release|x86.ActiveCfg = Release|Any CPU
		{5F11D912-DC84-4EE4-81E1-4D54CB73A2F3}.Release|x86.Build.0 = Release|Any CPU
	EndGlobalSection
	GlobalSection(SolutionProperties) = preSolution
		HideSolutionNode = FALSE
	EndGlobalSection
	GlobalSection(ExtensibilityGlobals) = postSolution
		SolutionGuid = {CB6974AB-38FA-4A98-81F9-5E73D33AEA89}
	EndGlobalSection
EndGlobal
